// !$*UTF8*$!
{
	archiveVersion = 1;
	classes = {
	};
	objectVersion = 77;
	objects = {

/* Begin PBXBuildFile section */
		036DAB25533F7628CFF56982 /* Campaign.swift in Sources */ = {isa = PBXBuildFile; fileRef = 69B4E931705E33C0DB7B275E /* Campaign.swift */; };
		21AE5CED4772A06212165F32 /* StoryView.swift in Sources */ = {isa = PBXBuildFile; fileRef = 994C0FEC204CFD99A05C7FA4 /* StoryView.swift */; };
		2595655CA94EC68E442036A9 /* ReferenceView.swift in Sources */ = {isa = PBXBuildFile; fileRef = 15AEFACD40C50D294B5F4BA2 /* ReferenceView.swift */; };
		3BA080393314696606886367 /* DeathSaveView.swift in Sources */ = {isa = PBXBuildFile; fileRef = 7F1E518C6DD254B269AD7000 /* DeathSaveView.swift */; };
		44AB2B9F1B35B8A64640F94D /* ContentView.swift in Sources */ = {isa = PBXBuildFile; fileRef = 73100BE023CDD225C5E0EC97 /* ContentView.swift */; };
		46C8316646672716DD9CAB44 /* Place.swift in Sources */ = {isa = PBXBuildFile; fileRef = 12E18D67813433F59B476A5E /* Place.swift */; };
		4DCCD175A26B45FA1A378791 /* PlacesView.swift in Sources */ = {isa = PBXBuildFile; fileRef = 94D1F90AC53316923BBF41F1 /* PlacesView.swift */; };
		5436ED182D089656DB0D7200 /* BestiaryView.swift in Sources */ = {isa = PBXBuildFile; fileRef = 14FD11295122CA60D21BA098 /* BestiaryView.swift */; };
		54B57D1CBDCAC943B3D7548A /* DiceRoller.swift in Sources */ = {isa = PBXBuildFile; fileRef = CA98322C7FB219190D6DA268 /* DiceRoller.swift */; };
		62613CDFF71B557EF0043D91 /* DashboardView.swift in Sources */ = {isa = PBXBuildFile; fileRef = 5056011700C412EC4C3A954B /* DashboardView.swift */; };
		62F561531CDED8CD5740E3EE /* RulesEngine.swift in Sources */ = {isa = PBXBuildFile; fileRef = 23A56B8DB60B440726170A3A /* RulesEngine.swift */; };
		63CFE793DAD583BC44312F62 /* CharacterCreatorView.swift in Sources */ = {isa = PBXBuildFile; fileRef = BF2531217920829646B52CCC /* CharacterCreatorView.swift */; };
		8D06191C231D4E29F0AFB84E /* EncounterView.swift in Sources */ = {isa = PBXBuildFile; fileRef = 2673B78921DA5D5B20C00001 /* EncounterView.swift */; };
		97BB2587294F3419CC8844EA /* DMTheme.swift in Sources */ = {isa = PBXBuildFile; fileRef = E7DFDE9A4C5F51FC4F77862D /* DMTheme.swift */; };
		9E4CFAA9F327F2A9AC4CD3EB /* SRDMonster.swift in Sources */ = {isa = PBXBuildFile; fileRef = 2E88F041093FE98C43C3D70D /* SRDMonster.swift */; };
		A3EC424DD9B39A7719CE5277 /* Assets.xcassets in Resources */ = {isa = PBXBuildFile; fileRef = BB3D42180E267F4F34323C35 /* Assets.xcassets */; };
		A550BE796CD224D534EBB4B4 /* SRDLoader.swift in Sources */ = {isa = PBXBuildFile; fileRef = 9D793E50FE8A7440D4AE0555 /* SRDLoader.swift */; };
		C9455D319677766C663A4A64 /* DMForgeApp.swift in Sources */ = {isa = PBXBuildFile; fileRef = 95A5CAD1DD684C8710A53412 /* DMForgeApp.swift */; };
		D8C69C58C7B4FD158C9075BC /* SRD in Resources */ = {isa = PBXBuildFile; fileRef = A9363F9868819CBDEE2C8566 /* SRD */; };
		DF516195F1B976E55C4BCC9F /* PeopleView.swift in Sources */ = {isa = PBXBuildFile; fileRef = AA0EE6CA8A66A0E657B44670 /* PeopleView.swift */; };
		FBF5596884005A7327E6B6E2 /* Character.swift in Sources */ = {isa = PBXBuildFile; fileRef = 59B12F762D9FD710567C2A54 /* Character.swift */; };
/* End PBXBuildFile section */

/* Begin PBXFileReference section */
		037504E25EDEFB659219A6DC /* DMForge.app */ = {isa = PBXFileReference; includeInIndex = 0; lastKnownFileType = wrapper.application; path = DMForge.app; sourceTree = BUILT_PRODUCTS_DIR; };
		12E18D67813433F59B476A5E /* Place.swift */ = {isa = PBXFileReference; lastKnownFileType = sourcecode.swift; path = Place.swift; sourceTree = "<group>"; };
		14FD11295122CA60D21BA098 /* BestiaryView.swift */ = {isa = PBXFileReference; lastKnownFileType = sourcecode.swift; path = BestiaryView.swift; sourceTree = "<group>"; };
		15AEFACD40C50D294B5F4BA2 /* ReferenceView.swift */ = {isa = PBXFileReference; lastKnownFileType = sourcecode.swift; path = ReferenceView.swift; sourceTree = "<group>"; };
		23A56B8DB60B440726170A3A /* RulesEngine.swift */ = {isa = PBXFileReference; lastKnownFileType = sourcecode.swift; path = RulesEngine.swift; sourceTree = "<group>"; };
		2673B78921DA5D5B20C00001 /* EncounterView.swift */ = {isa = PBXFileReference; lastKnownFileType = sourcecode.swift; path = EncounterView.swift; sourceTree = "<group>"; };
		2E88F041093FE98C43C3D70D /* SRDMonster.swift */ = {isa = PBXFileReference; lastKnownFileType = sourcecode.swift; path = SRDMonster.swift; sourceTree = "<group>"; };
		5056011700C412EC4C3A954B /* DashboardView.swift */ = {isa = PBXFileReference; lastKnownFileType = sourcecode.swift; path = DashboardView.swift; sourceTree = "<group>"; };
		59B12F762D9FD710567C2A54 /* Character.swift */ = {isa = PBXFileReference; lastKnownFileType = sourcecode.swift; path = Character.swift; sourceTree = "<group>"; };
		69B4E931705E33C0DB7B275E /* Campaign.swift */ = {isa = PBXFileReference; lastKnownFileType = sourcecode.swift; path = Campaign.swift; sourceTree = "<group>"; };
		73100BE023CDD225C5E0EC97 /* ContentView.swift */ = {isa = PBXFileReference; lastKnownFileType = sourcecode.swift; path = ContentView.swift; sourceTree = "<group>"; };
		7F1E518C6DD254B269AD7000 /* DeathSaveView.swift */ = {isa = PBXFileReference; lastKnownFileType = sourcecode.swift; path = DeathSaveView.swift; sourceTree = "<group>"; };
		94D1F90AC53316923BBF41F1 /* PlacesView.swift */ = {isa = PBXFileReference; lastKnownFileType = sourcecode.swift; path = PlacesView.swift; sourceTree = "<group>"; };
		95A5CAD1DD684C8710A53412 /* DMForgeApp.swift */ = {isa = PBXFileReference; lastKnownFileType = sourcecode.swift; path = DMForgeApp.swift; sourceTree = "<group>"; };
		994C0FEC204CFD99A05C7FA4 /* StoryView.swift */ = {isa = PBXFileReference; lastKnownFileType = sourcecode.swift; path = StoryView.swift; sourceTree = "<group>"; };
		9D793E50FE8A7440D4AE0555 /* SRDLoader.swift */ = {isa = PBXFileReference; lastKnownFileType = sourcecode.swift; path = SRDLoader.swift; sourceTree = "<group>"; };
		A9363F9868819CBDEE2C8566 /* SRD */ = {isa = PBXFileReference; lastKnownFileType = folder; name = SRD; path = Resources/SRD; sourceTree = SOURCE_ROOT; };
		AA0EE6CA8A66A0E657B44670 /* PeopleView.swift */ = {isa = PBXFileReference; lastKnownFileType = sourcecode.swift; path = PeopleView.swift; sourceTree = "<group>"; };
		BB3D42180E267F4F34323C35 /* Assets.xcassets */ = {isa = PBXFileReference; lastKnownFileType = folder.assetcatalog; path = Assets.xcassets; sourceTree = "<group>"; };
		BF2531217920829646B52CCC /* CharacterCreatorView.swift */ = {isa = PBXFileReference; lastKnownFileType = sourcecode.swift; path = CharacterCreatorView.swift; sourceTree = "<group>"; };
		CA98322C7FB219190D6DA268 /* DiceRoller.swift */ = {isa = PBXFileReference; lastKnownFileType = sourcecode.swift; path = DiceRoller.swift; sourceTree = "<group>"; };
		E7DFDE9A4C5F51FC4F77862D /* DMTheme.swift */ = {isa = PBXFileReference; lastKnownFileType = sourcecode.swift; path = DMTheme.swift; sourceTree = "<group>"; };
/* End PBXFileReference section */

/* Begin PBXGroup section */
		0445C9C0256EF3287630B786 /* Views */ = {
			isa = PBXGroup;
			children = (
				444CE521F4E53D7C1D49D09E /* Bestiary */,
				32C151F4DA81CB2D60A3161C /* Combat */,
				D504399824A49878B72081E4 /* Dashboard */,
				0D5D117767CC5E4161A13C89 /* People */,
				644914C7917487797C41EE3D /* Places */,
				77BEB4B389D84A0F05FAA52F /* Reference */,
				17BE6E21C161CA04D942873E /* Story */,
			);
			path = Views;
			sourceTree = "<group>";
		};
		0D5D117767CC5E4161A13C89 /* People */ = {
			isa = PBXGroup;
			children = (
				BF2531217920829646B52CCC /* CharacterCreatorView.swift */,
				AA0EE6CA8A66A0E657B44670 /* PeopleView.swift */,
			);
			path = People;
			sourceTree = "<group>";
		};
		120BCCC4AC7D97ABD05F17FE /* App */ = {
			isa = PBXGroup;
			children = (
				73100BE023CDD225C5E0EC97 /* ContentView.swift */,
				95A5CAD1DD684C8710A53412 /* DMForgeApp.swift */,
			);
			path = App;
			sourceTree = "<group>";
		};
		17BE6E21C161CA04D942873E /* Story */ = {
			isa = PBXGroup;
			children = (
				994C0FEC204CFD99A05C7FA4 /* StoryView.swift */,
			);
			path = Story;
			sourceTree = "<group>";
		};
		31D482C215B0168E5DEBDD7A /* Sources */ = {
			isa = PBXGroup;
			children = (
				120BCCC4AC7D97ABD05F17FE /* App */,
				74C8E9BA478123666D79F9E4 /* Engine */,
				C448BE9C66A57488663555CB /* Models */,
				51145DBC67BD7D988D661E8D /* Theme */,
				0445C9C0256EF3287630B786 /* Views */,
			);
			path = Sources;
			sourceTree = "<group>";
		};
		32C151F4DA81CB2D60A3161C /* Combat */ = {
			isa = PBXGroup;
			children = (
				7F1E518C6DD254B269AD7000 /* DeathSaveView.swift */,
				2673B78921DA5D5B20C00001 /* EncounterView.swift */,
			);
			path = Combat;
			sourceTree = "<group>";
		};
		361D14FFE895587FEDDC0C73 /* Products */ = {
			isa = PBXGroup;
			children = (
				037504E25EDEFB659219A6DC /* DMForge.app */,
			);
			name = Products;
			sourceTree = "<group>";
		};
		38A76819B08009CD0385F716 = {
			isa = PBXGroup;
			children = (
				624ED88596B600D1476F1049 /* Resources */,
				31D482C215B0168E5DEBDD7A /* Sources */,
				361D14FFE895587FEDDC0C73 /* Products */,
			);
			sourceTree = "<group>";
		};
		444CE521F4E53D7C1D49D09E /* Bestiary */ = {
			isa = PBXGroup;
			children = (
				14FD11295122CA60D21BA098 /* BestiaryView.swift */,
			);
			path = Bestiary;
			sourceTree = "<group>";
		};
		51145DBC67BD7D988D661E8D /* Theme */ = {
			isa = PBXGroup;
			children = (
				E7DFDE9A4C5F51FC4F77862D /* DMTheme.swift */,
			);
			path = Theme;
			sourceTree = "<group>";
		};
		624ED88596B600D1476F1049 /* Resources */ = {
			isa = PBXGroup;
			children = (
				BB3D42180E267F4F34323C35 /* Assets.xcassets */,
				A9363F9868819CBDEE2C8566 /* SRD */,
			);
			path = Resources;
			sourceTree = "<group>";
		};
		644914C7917487797C41EE3D /* Places */ = {
			isa = PBXGroup;
			children = (
				94D1F90AC53316923BBF41F1 /* PlacesView.swift */,
			);
			path = Places;
			sourceTree = "<group>";
		};
		74C8E9BA478123666D79F9E4 /* Engine */ = {
			isa = PBXGroup;
			children = (
				CA98322C7FB219190D6DA268 /* DiceRoller.swift */,
				23A56B8DB60B440726170A3A /* RulesEngine.swift */,
				9D793E50FE8A7440D4AE0555 /* SRDLoader.swift */,
			);
			path = Engine;
			sourceTree = "<group>";
		};
		77BEB4B389D84A0F05FAA52F /* Reference */ = {
			isa = PBXGroup;
			children = (
				15AEFACD40C50D294B5F4BA2 /* ReferenceView.swift */,
			);
			path = Reference;
			sourceTree = "<group>";
		};
		C448BE9C66A57488663555CB /* Models */ = {
			isa = PBXGroup;
			children = (
				69B4E931705E33C0DB7B275E /* Campaign.swift */,
				59B12F762D9FD710567C2A54 /* Character.swift */,
				12E18D67813433F59B476A5E /* Place.swift */,
				2E88F041093FE98C43C3D70D /* SRDMonster.swift */,
			);
			path = Models;
			sourceTree = "<group>";
		};
		D504399824A49878B72081E4 /* Dashboard */ = {
			isa = PBXGroup;
			children = (
				5056011700C412EC4C3A954B /* DashboardView.swift */,
			);
			path = Dashboard;
			sourceTree = "<group>";
		};
/* End PBXGroup section */

/* Begin PBXNativeTarget section */
		39221D74BA3E1906E7DF8B63 /* DMForge */ = {
			isa = PBXNativeTarget;
			buildConfigurationList = B40008068474CE675E2BEEC4 /* Build configuration list for PBXNativeTarget "DMForge" */;
			buildPhases = (
				9009CEA3FE66417DFDAB021B /* Sources */,
				E80D0E9C665162C3A5AE755D /* Resources */,
			);
			buildRules = (
			);
			dependencies = (
			);
			name = DMForge;
			packageProductDependencies = (
			);
			productName = DMForge;
			productReference = 037504E25EDEFB659219A6DC /* DMForge.app */;
			productType = "com.apple.product-type.application";
		};
/* End PBXNativeTarget section */

/* Begin PBXProject section */
		052BA6AD431101877AB58E08 /* Project object */ = {
			isa = PBXProject;
			attributes = {
				BuildIndependentTargetsInParallel = YES;
				LastUpgradeCheck = 1630;
				TargetAttributes = {
					39221D74BA3E1906E7DF8B63 = {
						DevelopmentTeam = F75F8Z9ZPZ;
						ProvisioningStyle = Automatic;
					};
				};
			};
			buildConfigurationList = 09E476F70B5121FE5247BBAF /* Build configuration list for PBXProject "DMForge" */;
			developmentRegion = en;
			hasScannedForEncodings = 0;
			knownRegions = (
				Base,
				en,
			);
			mainGroup = 38A76819B08009CD0385F716;
			minimizedProjectReferenceProxies = 1;
			preferredProjectObjectVersion = 77;
			productRefGroup = 361D14FFE895587FEDDC0C73 /* Products */;
			projectDirPath = "";
			projectRoot = "";
			targets = (
				39221D74BA3E1906E7DF8B63 /* DMForge */,
			);
		};
/* End PBXProject section */

/* Begin PBXResourcesBuildPhase section */
		E80D0E9C665162C3A5AE755D /* Resources */ = {
			isa = PBXResourcesBuildPhase;
			buildActionMask = 2147483647;
			files = (
				A3EC424DD9B39A7719CE5277 /* Assets.xcassets in Resources */,
				D8C69C58C7B4FD158C9075BC /* SRD in Resources */,
			);
			runOnlyForDeploymentPostprocessing = 0;
		};
/* End PBXResourcesBuildPhase section */

/* Begin PBXSourcesBuildPhase section */
		9009CEA3FE66417DFDAB021B /* Sources */ = {
			isa = PBXSourcesBuildPhase;
			buildActionMask = 2147483647;
			files = (
				5436ED182D089656DB0D7200 /* BestiaryView.swift in Sources */,
				036DAB25533F7628CFF56982 /* Campaign.swift in Sources */,
				FBF5596884005A7327E6B6E2 /* Character.swift in Sources */,
				63CFE793DAD583BC44312F62 /* CharacterCreatorView.swift in Sources */,
				44AB2B9F1B35B8A64640F94D /* ContentView.swift in Sources */,
				C9455D319677766C663A4A64 /* DMForgeApp.swift in Sources */,
				97BB2587294F3419CC8844EA /* DMTheme.swift in Sources */,
				62613CDFF71B557EF0043D91 /* DashboardView.swift in Sources */,
				3BA080393314696606886367 /* DeathSaveView.swift in Sources */,
				54B57D1CBDCAC943B3D7548A /* DiceRoller.swift in Sources */,
				8D06191C231D4E29F0AFB84E /* EncounterView.swift in Sources */,
				DF516195F1B976E55C4BCC9F /* PeopleView.swift in Sources */,
				46C8316646672716DD9CAB44 /* Place.swift in Sources */,
				4DCCD175A26B45FA1A378791 /* PlacesView.swift in Sources */,
				2595655CA94EC68E442036A9 /* ReferenceView.swift in Sources */,
				62F561531CDED8CD5740E3EE /* RulesEngine.swift in Sources */,
				A550BE796CD224D534EBB4B4 /* SRDLoader.swift in Sources */,
				9E4CFAA9F327F2A9AC4CD3EB /* SRDMonster.swift in Sources */,
				21AE5CED4772A06212165F32 /* StoryView.swift in Sources */,
			);
			runOnlyForDeploymentPostprocessing = 0;
		};
/* End PBXSourcesBuildPhase section */

/* Begin XCBuildConfiguration section */
		6659F06966B83709C0B47E04 /* Debug */ = {
			isa = XCBuildConfiguration;
			buildSettings = {
				ALWAYS_SEARCH_USER_PATHS = NO;
				CLANG_ANALYZER_NONNULL = YES;
				CLANG_ANALYZER_NUMBER_OBJECT_CONVERSION = YES_AGGRESSIVE;
				CLANG_CXX_LANGUAGE_STANDARD = "gnu++14";
				CLANG_CXX_LIBRARY = "libc++";
				CLANG_ENABLE_MODULES = YES;
				CLANG_ENABLE_OBJC_ARC = YES;
				CLANG_ENABLE_OBJC_WEAK = YES;
				CLANG_WARN_BLOCK_CAPTURE_AUTORELEASING = YES;
				CLANG_WARN_BOOL_CONVERSION = YES;
				CLANG_WARN_COMMA = YES;
				CLANG_WARN_CONSTANT_CONVERSION = YES;
				CLANG_WARN_DEPRECATED_OBJC_IMPLEMENTATIONS = YES;
				CLANG_WARN_DIRECT_OBJC_ISA_USAGE = YES_ERROR;
				CLANG_WARN_DOCUMENTATION_COMMENTS = YES;
				CLANG_WARN_EMPTY_BODY = YES;
				CLANG_WARN_ENUM_CONVERSION = YES;
				CLANG_WARN_INFINITE_RECURSION = YES;
				CLANG_WARN_INT_CONVERSION = YES;
				CLANG_WARN_NON_LITERAL_NULL_CONVERSION = YES;
				CLANG_WARN_OBJC_IMPLICIT_RETAIN_SELF = YES;
				CLANG_WARN_OBJC_LITERAL_CONVERSION = YES;
				CLANG_WARN_OBJC_ROOT_CLASS = YES_ERROR;
				CLANG_WARN_QUOTED_INCLUDE_IN_FRAMEWORK_HEADER = YES;
				CLANG_WARN_RANGE_LOOP_ANALYSIS = YES;
				CLANG_WARN_STRICT_PROTOTYPES = YES;
				CLANG_WARN_SUSPICIOUS_MOVE = YES;
				CLANG_WARN_UNGUARDED_AVAILABILITY = YES_AGGRESSIVE;
				CLANG_WARN_UNREACHABLE_CODE = YES;
				CLANG_WARN__DUPLICATE_METHOD_MATCH = YES;
				CODE_SIGN_STYLE = Automatic;
				COPY_PHASE_STRIP = NO;
				DEBUG_INFORMATION_FORMAT = dwarf;
				DEVELOPMENT_TEAM = F75F8Z9ZPZ;
				ENABLE_STRICT_OBJC_MSGSEND = YES;
				ENABLE_TESTABILITY = YES;
				GCC_C_LANGUAGE_STANDARD = gnu11;
				GCC_DYNAMIC_NO_PIC = NO;
				GCC_NO_COMMON_BLOCKS = YES;
				GCC_OPTIMIZATION_LEVEL = 0;
				GCC_PREPROCESSOR_DEFINITIONS = (
					"$(inherited)",
					"DEBUG=1",
				);
				GCC_WARN_64_TO_32_BIT_CONVERSION = YES;
				GCC_WARN_ABOUT_RETURN_TYPE = YES_ERROR;
				GCC_WARN_UNDECLARED_SELECTOR = YES;
				GCC_WARN_UNINITIALIZED_AUTOS = YES_AGGRESSIVE;
				GCC_WARN_UNUSED_FUNCTION = YES;
				GCC_WARN_UNUSED_VARIABLE = YES;
				INFOPLIST_KEY_UILaunchScreen_Generation = YES;
				INFOPLIST_KEY_UIStatusBarHidden = YES;
				INFOPLIST_KEY_UISupportedInterfaceOrientations_iPad = "UIInterfaceOrientationPortrait UIInterfaceOrientationPortraitUpsideDown UIInterfaceOrientationLandscapeLeft UIInterfaceOrientationLandscapeRight";
				IPHONEOS_DEPLOYMENT_TARGET = 17.0;
				MTL_ENABLE_DEBUG_INFO = INCLUDE_SOURCE;
				MTL_FAST_MATH = YES;
				ONLY_ACTIVE_ARCH = YES;
				PRODUCT_NAME = "$(TARGET_NAME)";
				SDKROOT = iphoneos;
				SWIFT_ACTIVE_COMPILATION_CONDITIONS = DEBUG;
				SWIFT_OPTIMIZATION_LEVEL = "-Onone";
				SWIFT_VERSION = 6.0;
			};
			name = Debug;
		};
		B2C10BFB8A45B968DFD1BCBB /* Debug */ = {
			isa = XCBuildConfiguration;
			buildSettings = {
				ASSETCATALOG_COMPILER_APPICON_NAME = AppIcon;
				CODE_SIGN_IDENTITY = "iPhone Developer";
				CURRENT_PROJECT_VERSION = 1;
				GENERATE_INFOPLIST_FILE = YES;
				INFOPLIST_KEY_CFBundleDisplayName = "DM Forge";
				INFOPLIST_KEY_CFBundleIconName = AppIcon;
				LD_RUNPATH_SEARCH_PATHS = (
					"$(inherited)",
					"@executable_path/Frameworks",
				);
				MARKETING_VERSION = 2.0.0;
				PRODUCT_BUNDLE_IDENTIFIER = com.forgecode.forgemaster;
				SDKROOT = iphoneos;
				TARGETED_DEVICE_FAMILY = "1,2";
			};
			name = Debug;
		};
		BB6ACDEF307816A5E4B86D15 /* Release */ = {
			isa = XCBuildConfiguration;
			buildSettings = {
				ALWAYS_SEARCH_USER_PATHS = NO;
				CLANG_ANALYZER_NONNULL = YES;
				CLANG_ANALYZER_NUMBER_OBJECT_CONVERSION = YES_AGGRESSIVE;
				CLANG_CXX_LANGUAGE_STANDARD = "gnu++14";
				CLANG_CXX_LIBRARY = "libc++";
				CLANG_ENABLE_MODULES = YES;
				CLANG_ENABLE_OBJC_ARC = YES;
				CLANG_ENABLE_OBJC_WEAK = YES;
				CLANG_WARN_BLOCK_CAPTURE_AUTORELEASING = YES;
				CLANG_WARN_BOOL_CONVERSION = YES;
				CLANG_WARN_COMMA = YES;
				CLANG_WARN_CONSTANT_CONVERSION = YES;
				CLANG_WARN_DEPRECATED_OBJC_IMPLEMENTATIONS = YES;
				CLANG_WARN_DIRECT_OBJC_ISA_USAGE = YES_ERROR;
				CLANG_WARN_DOCUMENTATION_COMMENTS = YES;
				CLANG_WARN_EMPTY_BODY = YES;
				CLANG_WARN_ENUM_CONVERSION = YES;
				CLANG_WARN_INFINITE_RECURSION = YES;
				CLANG_WARN_INT_CONVERSION = YES;
				CLANG_WARN_NON_LITERAL_NULL_CONVERSION = YES;
				CLANG_WARN_OBJC_IMPLICIT_RETAIN_SELF = YES;
				CLANG_WARN_OBJC_LITERAL_CONVERSION = YES;
				CLANG_WARN_OBJC_ROOT_CLASS = YES_ERROR;
				CLANG_WARN_QUOTED_INCLUDE_IN_FRAMEWORK_HEADER = YES;
				CLANG_WARN_RANGE_LOOP_ANALYSIS = YES;
				CLANG_WARN_STRICT_PROTOTYPES = YES;
				CLANG_WARN_SUSPICIOUS_MOVE = YES;
				CLANG_WARN_UNGUARDED_AVAILABILITY = YES_AGGRESSIVE;
				CLANG_WARN_UNREACHABLE_CODE = YES;
				CLANG_WARN__DUPLICATE_METHOD_MATCH = YES;
				CODE_SIGN_STYLE = Automatic;
				COPY_PHASE_STRIP = NO;
				DEBUG_INFORMATION_FORMAT = "dwarf-with-dsym";
				DEVELOPMENT_TEAM = F75F8Z9ZPZ;
				ENABLE_NS_ASSERTIONS = NO;
				ENABLE_STRICT_OBJC_MSGSEND = YES;
				GCC_C_LANGUAGE_STANDARD = gnu11;
				GCC_NO_COMMON_BLOCKS = YES;
				GCC_WARN_64_TO_32_BIT_CONVERSION = YES;
				GCC_WARN_ABOUT_RETURN_TYPE = YES_ERROR;
				GCC_WARN_UNDECLARED_SELECTOR = YES;
				GCC_WARN_UNINITIALIZED_AUTOS = YES_AGGRESSIVE;
				GCC_WARN_UNUSED_FUNCTION = YES;
				GCC_WARN_UNUSED_VARIABLE = YES;
				INFOPLIST_KEY_UILaunchScreen_Generation = YES;
				INFOPLIST_KEY_UIStatusBarHidden = YES;
				INFOPLIST_KEY_UISupportedInterfaceOrientations_iPad = "UIInterfaceOrientationPortrait UIInterfaceOrientationPortraitUpsideDown UIInterfaceOrientationLandscapeLeft UIInterfaceOrientationLandscapeRight";
				IPHONEOS_DEPLOYMENT_TARGET = 17.0;
				MTL_ENABLE_DEBUG_INFO = NO;
				MTL_FAST_MATH = YES;
				PRODUCT_NAME = "$(TARGET_NAME)";
				SDKROOT = iphoneos;
				SWIFT_COMPILATION_MODE = wholemodule;
				SWIFT_OPTIMIZATION_LEVEL = "-O";
				SWIFT_VERSION = 6.0;
			};
			name = Release;
		};
		ED78C66492EFE0956040ADDA /* Release */ = {
			isa = XCBuildConfiguration;
			buildSettings = {
				ASSETCATALOG_COMPILER_APPICON_NAME = AppIcon;
				CODE_SIGN_IDENTITY = "iPhone Developer";
				CURRENT_PROJECT_VERSION = 1;
				GENERATE_INFOPLIST_FILE = YES;
				INFOPLIST_KEY_CFBundleDisplayName = "DM Forge";
				INFOPLIST_KEY_CFBundleIconName = AppIcon;
				LD_RUNPATH_SEARCH_PATHS = (
					"$(inherited)",
					"@executable_path/Frameworks",
				);
				MARKETING_VERSION = 2.0.0;
				PRODUCT_BUNDLE_IDENTIFIER = com.forgecode.forgemaster;
				SDKROOT = iphoneos;
				TARGETED_DEVICE_FAMILY = "1,2";
			};
			name = Release;
		};
/* End XCBuildConfiguration section */

/* Begin XCConfigurationList section */
		09E476F70B5121FE5247BBAF /* Build configuration list for PBXProject "DMForge" */ = {
			isa = XCConfigurationList;
			buildConfigurations = (
				6659F06966B83709C0B47E04 /* Debug */,
				BB6ACDEF307816A5E4B86D15 /* Release */,
			);
			defaultConfigurationIsVisible = 0;
			defaultConfigurationName = Debug;
		};
		B40008068474CE675E2BEEC4 /* Build configuration list for PBXNativeTarget "DMForge" */ = {
			isa = XCConfigurationList;
			buildConfigurations = (
				B2C10BFB8A45B968DFD1BCBB /* Debug */,
				ED78C66492EFE0956040ADDA /* Release */,
			);
			defaultConfigurationIsVisible = 0;
			defaultConfigurationName = Debug;
		};
/* End XCConfigurationList section */
	};
	rootObject = 052BA6AD431101877AB58E08 /* Project object */;
}
